
Microsoft Visual Studio Solution File, Format Version 12.00
# Visual Studio Version 17
VisualStudioVersion = 17.6.33723.286
MinimumVisualStudioVersion = 10.0.40219.1
Project("{FAE04EC0-301F-11D3-BF4B-00C04F79EFBC}") = "OATIII", "OATII\OATIII.csproj", "{FE5D269C-DACE-4C31-9E7D-04CE11ED5827}"
EndProject
Global
	GlobalSection(SolutionConfigurationPlatforms) = preSolution
		Debug|Any CPU = Debug|Any CPU
		Release|Any CPU = Release|Any CPU
	EndGlobalSection
	GlobalSection(ProjectConfigurationPlatforms) = postSolution
		{FE5D269C-DACE-4C31-9E7D-04CE11ED5827}.Debug|Any CPU.ActiveCfg = Debug|Any CPU
		{FE5D269C-DACE-4C31-9E7D-04CE11ED5827}.Debug|Any CPU.Build.0 = Debug|Any CPU
		{FE5D269C-DACE-4C31-9E7D-04CE11ED5827}.Release|Any CPU.ActiveCfg = Release|Any CPU
		{FE5D269C-DACE-4C31-9E7D-04CE11ED5827}.Release|Any CPU.Build.0 = Release|Any CPU
	EndGlobalSection
	GlobalSection(SolutionProperties) = preSolution
		HideSolutionNode = FALSE
	EndGlobalSection
	GlobalSection(ExtensibilityGlobals) = postSolution
		SolutionGuid = {B1432DD7-AA0A-4437-85A4-3CFDFC02AA76}
	EndGlobalSection
EndGlobal
